{
  "name": "yuxu.ge",
  "version": "1.0.0",
  "lockfileVersion": 3,
  "requires": true,
  "packages": {
    "": {
      "name": "yuxu.ge",
      "version": "1.0.0",
      "dependencies": {
        "voy-search": "^0.6.3"
      },
      "devDependencies": {},
      "engines": {
        "node": ">=18.0.0"
      }
    },
    "node_modules/voy-search": {
      "version": "0.6.3",
      "resolved": "https://mirrors.cloud.tencent.com/npm/voy-search/-/voy-search-0.6.3.tgz",
      "integrity": "sha512-GRwrXcT3Qmzr/CuwpwX55XWpgqM2hUqLipSwI8bGcfsDTJGa+mFxsOXzWHNMRpcYd+U2RP73f2USLDWQu5yFdQ==",
      "license": "MIT OR Apache 2.0"
    }
  }
}
